
Microsoft Visual Studio Solution File, Format Version 12.00
# Visual Studio Version 17
VisualStudioVersion = 17.8.34330.188
MinimumVisualStudioVersion = 10.0.40219.1
Project("{FAE04EC0-301F-11D3-BF4B-00C04F79EFBC}") = "DS Assignment 2", "DS Assignment 2.csproj", "{AD9F3C33-98C6-442A-AAD6-AE21C62D2EBF}"
EndProject
Project("{2150E333-8FDC-42A3-9474-1A3956D46DE8}") = "Solution Items", "Solution Items", "{82333F99-FE6B-46E3-91FB-C941AC9C5409}"
	ProjectSection(SolutionItems) = preProject
		Point.cs = Point.cs
		Stack.cs = Stack.cs
	EndProjectSection
EndProject
Global
	GlobalSection(SolutionConfigurationPlatforms) = preSolution
		Debug|Any CPU = Debug|Any CPU
		Release|Any CPU = Release|Any CPU
	EndGlobalSection
	GlobalSection(ProjectConfigurationPlatforms) = postSolution
		{AD9F3C33-98C6-442A-AAD6-AE21C62D2EBF}.Debug|Any CPU.ActiveCfg = Debug|Any CPU
		{AD9F3C33-98C6-442A-AAD6-AE21C62D2EBF}.Debug|Any CPU.Build.0 = Debug|Any CPU
		{AD9F3C33-98C6-442A-AAD6-AE21C62D2EBF}.Release|Any CPU.ActiveCfg = Release|Any CPU
		{AD9F3C33-98C6-442A-AAD6-AE21C62D2EBF}.Release|Any CPU.Build.0 = Release|Any CPU
	EndGlobalSection
	GlobalSection(SolutionProperties) = preSolution
		HideSolutionNode = FALSE
	EndGlobalSection
	GlobalSection(ExtensibilityGlobals) = postSolution
		SolutionGuid = {56067474-22F7-47F6-937D-39608479B030}
	EndGlobalSection
EndGlobal
